// !$*UTF8*$!
{
	archiveVersion = 1;
	classes = {
	};
	objectVersion = 52;
	objects = {

/* Begin PBXBuildFile section */
		780C33C82535D88500EA5B8F /* MDAddProductView.swift in Sources */ = {isa = PBXBuildFile; fileRef = 780C33C72535D88500EA5B8F /* MDAddProductView.swift */; };
		780C33D02535E42400EA5B8F /* MDAddLocationView.swift in Sources */ = {isa = PBXBuildFile; fileRef = 780C33CF2535E42400EA5B8F /* MDAddLocationView.swift */; };
		781C6CDC2547010400802123 /* StockEntriesListView.swift in Sources */ = {isa = PBXBuildFile; fileRef = 781C6CDB2547010400802123 /* StockEntriesListView.swift */; };
		782D51BE2534A11D009E43EC /* GrocyViewModel.swift in Sources */ = {isa = PBXBuildFile; fileRef = 782D51BD2534A11D009E43EC /* GrocyViewModel.swift */; };
		782D51C32534A811009E43EC /* GrocyInfoView.swift in Sources */ = {isa = PBXBuildFile; fileRef = 782D51C22534A811009E43EC /* GrocyInfoView.swift */; };
		782D51DD2534AA2A009E43EC /* SystemInfoModel.swift in Sources */ = {isa = PBXBuildFile; fileRef = 782D51DC2534AA2A009E43EC /* SystemInfoModel.swift */; };
		782D51DE2534AA2A009E43EC /* SystemInfoModel.swift in Sources */ = {isa = PBXBuildFile; fileRef = 782D51DC2534AA2A009E43EC /* SystemInfoModel.swift */; };
		782D51E62534AA36009E43EC /* SystemConfigModel.swift in Sources */ = {isa = PBXBuildFile; fileRef = 782D51E52534AA36009E43EC /* SystemConfigModel.swift */; };
		782D51E72534AA36009E43EC /* SystemConfigModel.swift in Sources */ = {isa = PBXBuildFile; fileRef = 782D51E52534AA36009E43EC /* SystemConfigModel.swift */; };
		782D51EC2534AA45009E43EC /* SystemDBChangedTimeModel.swift in Sources */ = {isa = PBXBuildFile; fileRef = 782D51EB2534AA45009E43EC /* SystemDBChangedTimeModel.swift */; };
		782D51ED2534AA45009E43EC /* SystemDBChangedTimeModel.swift in Sources */ = {isa = PBXBuildFile; fileRef = 782D51EB2534AA45009E43EC /* SystemDBChangedTimeModel.swift */; };
		782D51F32534AE12009E43EC /* UserModel.swift in Sources */ = {isa = PBXBuildFile; fileRef = 782D51F22534AE12009E43EC /* UserModel.swift */; };
		782D51F42534AE12009E43EC /* UserModel.swift in Sources */ = {isa = PBXBuildFile; fileRef = 782D51F22534AE12009E43EC /* UserModel.swift */; };
		782D51FE2534AF75009E43EC /* UserManagementView.swift in Sources */ = {isa = PBXBuildFile; fileRef = 782D51FD2534AF75009E43EC /* UserManagementView.swift */; };
		782D51FF2534AF75009E43EC /* UserManagementView.swift in Sources */ = {isa = PBXBuildFile; fileRef = 782D51FD2534AF75009E43EC /* UserManagementView.swift */; };
		782D52072534B0A8009E43EC /* AddUserView.swift in Sources */ = {isa = PBXBuildFile; fileRef = 782D52062534B0A8009E43EC /* AddUserView.swift */; };
		782D52082534B0A8009E43EC /* AddUserView.swift in Sources */ = {isa = PBXBuildFile; fileRef = 782D52062534B0A8009E43EC /* AddUserView.swift */; };
		782D520D2534BDE7009E43EC /* Errors.swift in Sources */ = {isa = PBXBuildFile; fileRef = 782D520C2534BDE7009E43EC /* Errors.swift */; };
		782D520E2534BDE7009E43EC /* Errors.swift in Sources */ = {isa = PBXBuildFile; fileRef = 782D520C2534BDE7009E43EC /* Errors.swift */; };
		7832C53925418A220034FAD4 /* TextFieldWithDescription.swift in Sources */ = {isa = PBXBuildFile; fileRef = 7832C53825418A220034FAD4 /* TextFieldWithDescription.swift */; };
		7832C544254193380034FAD4 /* SearchBar.swift in Sources */ = {isa = PBXBuildFile; fileRef = 7832C543254193380034FAD4 /* SearchBar.swift */; };
		7836AE6B25371F24003F72AC /* MDAddShoppingLocationView.swift in Sources */ = {isa = PBXBuildFile; fileRef = 7836AE6A25371F24003F72AC /* MDAddShoppingLocationView.swift */; };
		7841A7122535AB09000E7358 /* DateFormatter.swift in Sources */ = {isa = PBXBuildFile; fileRef = 7841A7112535AB09000E7358 /* DateFormatter.swift */; };
		7841A7172535AD11000E7358 /* UserRowView.swift in Sources */ = {isa = PBXBuildFile; fileRef = 7841A7162535AD11000E7358 /* UserRowView.swift */; };
		7841A71D2535B909000E7358 /* StockModel.swift in Sources */ = {isa = PBXBuildFile; fileRef = 7841A71C2535B909000E7358 /* StockModel.swift */; };
		7841A7262535BA42000E7358 /* StockView.swift in Sources */ = {isa = PBXBuildFile; fileRef = 7841A7252535BA42000E7358 /* StockView.swift */; };
		7841A7362535BD81000E7358 /* MasterDataView.swift in Sources */ = {isa = PBXBuildFile; fileRef = 7841A7352535BD81000E7358 /* MasterDataView.swift */; };
		7841A73D2535BE23000E7358 /* MDProductsView.swift in Sources */ = {isa = PBXBuildFile; fileRef = 7841A73C2535BE23000E7358 /* MDProductsView.swift */; };
		7841A7452535BE34000E7358 /* MDLocationsView.swift in Sources */ = {isa = PBXBuildFile; fileRef = 7841A7442535BE34000E7358 /* MDLocationsView.swift */; };
		7841A74D2535BE4C000E7358 /* MDShoppingLocationsView.swift in Sources */ = {isa = PBXBuildFile; fileRef = 7841A74C2535BE4C000E7358 /* MDShoppingLocationsView.swift */; };
		7841A7522535BE5B000E7358 /* MDQuantityUnitsView.swift in Sources */ = {isa = PBXBuildFile; fileRef = 7841A7512535BE5B000E7358 /* MDQuantityUnitsView.swift */; };
		7841A7572535BE6A000E7358 /* MDProductGroupsView.swift in Sources */ = {isa = PBXBuildFile; fileRef = 7841A7562535BE6A000E7358 /* MDProductGroupsView.swift */; };
		7841A75C2535BE77000E7358 /* MDChoresView.swift in Sources */ = {isa = PBXBuildFile; fileRef = 7841A75B2535BE77000E7358 /* MDChoresView.swift */; };
		7841A7612535BE84000E7358 /* MDBatteriesView.swift in Sources */ = {isa = PBXBuildFile; fileRef = 7841A7602535BE84000E7358 /* MDBatteriesView.swift */; };
		7841A7662535BE90000E7358 /* MDTaskCategoriesView.swift in Sources */ = {isa = PBXBuildFile; fileRef = 7841A7652535BE90000E7358 /* MDTaskCategoriesView.swift */; };
		7841A76B2535BEA5000E7358 /* MDUserFieldsView.swift in Sources */ = {isa = PBXBuildFile; fileRef = 7841A76A2535BEA5000E7358 /* MDUserFieldsView.swift */; };
		7841A7702535BEAE000E7358 /* MDUserEntitiesView.swift in Sources */ = {isa = PBXBuildFile; fileRef = 7841A76F2535BEAE000E7358 /* MDUserEntitiesView.swift */; };
		7841A7762535C1CC000E7358 /* MDProductsModel.swift in Sources */ = {isa = PBXBuildFile; fileRef = 7841A7752535C1CC000E7358 /* MDProductsModel.swift */; };
		7841A7862535C315000E7358 /* MDLocationsModel.swift in Sources */ = {isa = PBXBuildFile; fileRef = 7841A7852535C315000E7358 /* MDLocationsModel.swift */; };
		7841A78B2535C341000E7358 /* MDShoppingLocationsModel.swift in Sources */ = {isa = PBXBuildFile; fileRef = 7841A78A2535C341000E7358 /* MDShoppingLocationsModel.swift */; };
		7841A7902535C375000E7358 /* MDQuantityUnitsModel.swift in Sources */ = {isa = PBXBuildFile; fileRef = 7841A78F2535C375000E7358 /* MDQuantityUnitsModel.swift */; };
		7841A7952535C3A3000E7358 /* MDProductGroupsModel.swift in Sources */ = {isa = PBXBuildFile; fileRef = 7841A7942535C3A3000E7358 /* MDProductGroupsModel.swift */; };
		785C9A862538914800109256 /* BarcodeScannerView.swift in Sources */ = {isa = PBXBuildFile; fileRef = 785C9A852538914800109256 /* BarcodeScannerView.swift */; };
		78705DB2254721110005C73C /* OnboardingView.swift in Sources */ = {isa = PBXBuildFile; fileRef = 78705DB1254721110005C73C /* OnboardingView.swift */; };
		78705DB7254721D80005C73C /* LoginView.swift in Sources */ = {isa = PBXBuildFile; fileRef = 78705DB6254721D80005C73C /* LoginView.swift */; };
		78705DBC254723D00005C73C /* AboutView.swift in Sources */ = {isa = PBXBuildFile; fileRef = 78705DBB254723D00005C73C /* AboutView.swift */; };
		7879D12525482ABA0060EC03 /* ProductConsumeModel.swift in Sources */ = {isa = PBXBuildFile; fileRef = 7879D12425482ABA0060EC03 /* ProductConsumeModel.swift */; };
		7879D12A25482ACB0060EC03 /* ProductOpenModel.swift in Sources */ = {isa = PBXBuildFile; fileRef = 7879D12925482ACB0060EC03 /* ProductOpenModel.swift */; };
		7879D12F25482B220060EC03 /* InteractionModes.swift in Sources */ = {isa = PBXBuildFile; fileRef = 7879D12E25482B220060EC03 /* InteractionModes.swift */; };
		78AF1DBC2539AB1F001BF93F /* CodeScanner.swift in Sources */ = {isa = PBXBuildFile; fileRef = 78AF1DBB2539AB1F001BF93F /* CodeScanner.swift */; };
		78AF1DCC2539BBC3001BF93F /* HTMLText.swift in Sources */ = {isa = PBXBuildFile; fileRef = 78AF1DCB2539BBC3001BF93F /* HTMLText.swift */; };
		78AF1DDF2539F7AF001BF93F /* ShoppingListView.swift in Sources */ = {isa = PBXBuildFile; fileRef = 78AF1DDE2539F7AF001BF93F /* ShoppingListView.swift */; };
		78EC778C2533857400DF3BA5 /* grocy_iosApp.swift in Sources */ = {isa = PBXBuildFile; fileRef = 78EC778B2533857400DF3BA5 /* grocy_iosApp.swift */; };
		78EC778E2533857400DF3BA5 /* ContentView.swift in Sources */ = {isa = PBXBuildFile; fileRef = 78EC778D2533857400DF3BA5 /* ContentView.swift */; };
		78EC77902533857500DF3BA5 /* Assets.xcassets in Resources */ = {isa = PBXBuildFile; fileRef = 78EC778F2533857500DF3BA5 /* Assets.xcassets */; };
		78EC77932533857500DF3BA5 /* Preview Assets.xcassets in Resources */ = {isa = PBXBuildFile; fileRef = 78EC77922533857500DF3BA5 /* Preview Assets.xcassets */; };
		78EC779E2533857500DF3BA5 /* grocy_iosTests.swift in Sources */ = {isa = PBXBuildFile; fileRef = 78EC779D2533857500DF3BA5 /* grocy_iosTests.swift */; };
		78EC77A92533857500DF3BA5 /* grocy_iosUITests.swift in Sources */ = {isa = PBXBuildFile; fileRef = 78EC77A82533857500DF3BA5 /* grocy_iosUITests.swift */; };
		78EC77BA2533858B00DF3BA5 /* GrocyAPI.swift in Sources */ = {isa = PBXBuildFile; fileRef = 78EC77B92533858B00DF3BA5 /* GrocyAPI.swift */; };
		78EC77BE2533859100DF3BA5 /* GrocyAPI.swift in Sources */ = {isa = PBXBuildFile; fileRef = 78EC77B92533858B00DF3BA5 /* GrocyAPI.swift */; };
		78F741F2253EFC8F007CE176 /* CarBode in Frameworks */ = {isa = PBXBuildFile; productRef = 78F741F1253EFC8F007CE176 /* CarBode */; };
		78F741F7253EFCC9007CE176 /* CarBodeScannerView.swift in Sources */ = {isa = PBXBuildFile; fileRef = 78F741F6253EFCC9007CE176 /* CarBodeScannerView.swift */; };
		78F741FC253F094C007CE176 /* BuyProductView.swift in Sources */ = {isa = PBXBuildFile; fileRef = 78F741FB253F094C007CE176 /* BuyProductView.swift */; };
		78F74201253F232F007CE176 /* ProductBuyModel.swift in Sources */ = {isa = PBXBuildFile; fileRef = 78F74200253F232F007CE176 /* ProductBuyModel.swift */; };
		78FA3B1F2538582F00DCA573 /* MDAddProductGroupView.swift in Sources */ = {isa = PBXBuildFile; fileRef = 78FA3B1E2538582F00DCA573 /* MDAddProductGroupView.swift */; };
		78FA3B24253859CE00DCA573 /* MDAddQuantityUnitView.swift in Sources */ = {isa = PBXBuildFile; fileRef = 78FA3B23253859CE00DCA573 /* MDAddQuantityUnitView.swift */; };
		78FACEB82542DF6A004B5849 /* ConsumeProductView.swift in Sources */ = {isa = PBXBuildFile; fileRef = 78FACEB72542DF6A004B5849 /* ConsumeProductView.swift */; };
		78FACEBD2542F29A004B5849 /* StockEntryModel.swift in Sources */ = {isa = PBXBuildFile; fileRef = 78FACEBC2542F29A004B5849 /* StockEntryModel.swift */; };
/* End PBXBuildFile section */

/* Begin PBXContainerItemProxy section */
		78EC779A2533857500DF3BA5 /* PBXContainerItemProxy */ = {
			isa = PBXContainerItemProxy;
			containerPortal = 78EC77802533857400DF3BA5 /* Project object */;
			proxyType = 1;
			remoteGlobalIDString = 78EC77872533857400DF3BA5;
			remoteInfo = "grocy-ios";
		};
		78EC77A52533857500DF3BA5 /* PBXContainerItemProxy */ = {
			isa = PBXContainerItemProxy;
			containerPortal = 78EC77802533857400DF3BA5 /* Project object */;
			proxyType = 1;
			remoteGlobalIDString = 78EC77872533857400DF3BA5;
			remoteInfo = "grocy-ios";
		};
/* End PBXContainerItemProxy section */

/* Begin PBXFileReference section */
		780C33C72535D88500EA5B8F /* MDAddProductView.swift */ = {isa = PBXFileReference; lastKnownFileType = sourcecode.swift; path = MDAddProductView.swift; sourceTree = "<group>"; };
		780C33CF2535E42400EA5B8F /* MDAddLocationView.swift */ = {isa = PBXFileReference; lastKnownFileType = sourcecode.swift; path = MDAddLocationView.swift; sourceTree = "<group>"; };
		781C6CDB2547010400802123 /* StockEntriesListView.swift */ = {isa = PBXFileReference; lastKnownFileType = sourcecode.swift; path = StockEntriesListView.swift; sourceTree = "<group>"; };
		782D51BD2534A11D009E43EC /* GrocyViewModel.swift */ = {isa = PBXFileReference; lastKnownFileType = sourcecode.swift; path = GrocyViewModel.swift; sourceTree = "<group>"; };
		782D51C22534A811009E43EC /* GrocyInfoView.swift */ = {isa = PBXFileReference; lastKnownFileType = sourcecode.swift; path = GrocyInfoView.swift; sourceTree = "<group>"; };
		782D51DC2534AA2A009E43EC /* SystemInfoModel.swift */ = {isa = PBXFileReference; lastKnownFileType = sourcecode.swift; path = SystemInfoModel.swift; sourceTree = "<group>"; };
		782D51E52534AA36009E43EC /* SystemConfigModel.swift */ = {isa = PBXFileReference; lastKnownFileType = sourcecode.swift; path = SystemConfigModel.swift; sourceTree = "<group>"; };
		782D51EB2534AA45009E43EC /* SystemDBChangedTimeModel.swift */ = {isa = PBXFileReference; lastKnownFileType = sourcecode.swift; path = SystemDBChangedTimeModel.swift; sourceTree = "<group>"; };
		782D51F22534AE12009E43EC /* UserModel.swift */ = {isa = PBXFileReference; lastKnownFileType = sourcecode.swift; path = UserModel.swift; sourceTree = "<group>"; };
		782D51FD2534AF75009E43EC /* UserManagementView.swift */ = {isa = PBXFileReference; lastKnownFileType = sourcecode.swift; path = UserManagementView.swift; sourceTree = "<group>"; };
		782D52062534B0A8009E43EC /* AddUserView.swift */ = {isa = PBXFileReference; lastKnownFileType = sourcecode.swift; path = AddUserView.swift; sourceTree = "<group>"; };
		782D520C2534BDE7009E43EC /* Errors.swift */ = {isa = PBXFileReference; lastKnownFileType = sourcecode.swift; path = Errors.swift; sourceTree = "<group>"; };
		7832C53825418A220034FAD4 /* TextFieldWithDescription.swift */ = {isa = PBXFileReference; lastKnownFileType = sourcecode.swift; path = TextFieldWithDescription.swift; sourceTree = "<group>"; };
		7832C543254193380034FAD4 /* SearchBar.swift */ = {isa = PBXFileReference; fileEncoding = 4; lastKnownFileType = sourcecode.swift; path = SearchBar.swift; sourceTree = "<group>"; };
		7836AE6A25371F24003F72AC /* MDAddShoppingLocationView.swift */ = {isa = PBXFileReference; lastKnownFileType = sourcecode.swift; path = MDAddShoppingLocationView.swift; sourceTree = "<group>"; };
		7841A7112535AB09000E7358 /* DateFormatter.swift */ = {isa = PBXFileReference; lastKnownFileType = sourcecode.swift; path = DateFormatter.swift; sourceTree = "<group>"; };
		7841A7162535AD11000E7358 /* UserRowView.swift */ = {isa = PBXFileReference; lastKnownFileType = sourcecode.swift; path = UserRowView.swift; sourceTree = "<group>"; };
		7841A71C2535B909000E7358 /* StockModel.swift */ = {isa = PBXFileReference; lastKnownFileType = sourcecode.swift; path = StockModel.swift; sourceTree = "<group>"; };
		7841A7252535BA42000E7358 /* StockView.swift */ = {isa = PBXFileReference; lastKnownFileType = sourcecode.swift; path = StockView.swift; sourceTree = "<group>"; };
		7841A7352535BD81000E7358 /* MasterDataView.swift */ = {isa = PBXFileReference; lastKnownFileType = sourcecode.swift; path = MasterDataView.swift; sourceTree = "<group>"; };
		7841A73C2535BE23000E7358 /* MDProductsView.swift */ = {isa = PBXFileReference; lastKnownFileType = sourcecode.swift; path = MDProductsView.swift; sourceTree = "<group>"; };
		7841A7442535BE34000E7358 /* MDLocationsView.swift */ = {isa = PBXFileReference; lastKnownFileType = sourcecode.swift; path = MDLocationsView.swift; sourceTree = "<group>"; };
		7841A74C2535BE4C000E7358 /* MDShoppingLocationsView.swift */ = {isa = PBXFileReference; lastKnownFileType = sourcecode.swift; path = MDShoppingLocationsView.swift; sourceTree = "<group>"; };
		7841A7512535BE5B000E7358 /* MDQuantityUnitsView.swift */ = {isa = PBXFileReference; lastKnownFileType = sourcecode.swift; path = MDQuantityUnitsView.swift; sourceTree = "<group>"; };
		7841A7562535BE6A000E7358 /* MDProductGroupsView.swift */ = {isa = PBXFileReference; lastKnownFileType = sourcecode.swift; path = MDProductGroupsView.swift; sourceTree = "<group>"; };
		7841A75B2535BE77000E7358 /* MDChoresView.swift */ = {isa = PBXFileReference; lastKnownFileType = sourcecode.swift; path = MDChoresView.swift; sourceTree = "<group>"; };
		7841A7602535BE84000E7358 /* MDBatteriesView.swift */ = {isa = PBXFileReference; lastKnownFileType = sourcecode.swift; path = MDBatteriesView.swift; sourceTree = "<group>"; };
		7841A7652535BE90000E7358 /* MDTaskCategoriesView.swift */ = {isa = PBXFileReference; lastKnownFileType = sourcecode.swift; path = MDTaskCategoriesView.swift; sourceTree = "<group>"; };
		7841A76A2535BEA5000E7358 /* MDUserFieldsView.swift */ = {isa = PBXFileReference; lastKnownFileType = sourcecode.swift; path = MDUserFieldsView.swift; sourceTree = "<group>"; };
		7841A76F2535BEAE000E7358 /* MDUserEntitiesView.swift */ = {isa = PBXFileReference; lastKnownFileType = sourcecode.swift; path = MDUserEntitiesView.swift; sourceTree = "<group>"; };
		7841A7752535C1CC000E7358 /* MDProductsModel.swift */ = {isa = PBXFileReference; lastKnownFileType = sourcecode.swift; path = MDProductsModel.swift; sourceTree = "<group>"; };
		7841A7852535C315000E7358 /* MDLocationsModel.swift */ = {isa = PBXFileReference; lastKnownFileType = sourcecode.swift; path = MDLocationsModel.swift; sourceTree = "<group>"; };
		7841A78A2535C341000E7358 /* MDShoppingLocationsModel.swift */ = {isa = PBXFileReference; lastKnownFileType = sourcecode.swift; path = MDShoppingLocationsModel.swift; sourceTree = "<group>"; };
		7841A78F2535C375000E7358 /* MDQuantityUnitsModel.swift */ = {isa = PBXFileReference; lastKnownFileType = sourcecode.swift; path = MDQuantityUnitsModel.swift; sourceTree = "<group>"; };
		7841A7942535C3A3000E7358 /* MDProductGroupsModel.swift */ = {isa = PBXFileReference; lastKnownFileType = sourcecode.swift; path = MDProductGroupsModel.swift; sourceTree = "<group>"; };
		785C9A852538914800109256 /* BarcodeScannerView.swift */ = {isa = PBXFileReference; lastKnownFileType = sourcecode.swift; path = BarcodeScannerView.swift; sourceTree = "<group>"; };
		78705DB1254721110005C73C /* OnboardingView.swift */ = {isa = PBXFileReference; lastKnownFileType = sourcecode.swift; path = OnboardingView.swift; sourceTree = "<group>"; };
		78705DB6254721D80005C73C /* LoginView.swift */ = {isa = PBXFileReference; lastKnownFileType = sourcecode.swift; path = LoginView.swift; sourceTree = "<group>"; };
		78705DBB254723D00005C73C /* AboutView.swift */ = {isa = PBXFileReference; lastKnownFileType = sourcecode.swift; path = AboutView.swift; sourceTree = "<group>"; };
		7879D12425482ABA0060EC03 /* ProductConsumeModel.swift */ = {isa = PBXFileReference; lastKnownFileType = sourcecode.swift; path = ProductConsumeModel.swift; sourceTree = "<group>"; };
		7879D12925482ACB0060EC03 /* ProductOpenModel.swift */ = {isa = PBXFileReference; lastKnownFileType = sourcecode.swift; path = ProductOpenModel.swift; sourceTree = "<group>"; };
		7879D12E25482B220060EC03 /* InteractionModes.swift */ = {isa = PBXFileReference; lastKnownFileType = sourcecode.swift; path = InteractionModes.swift; sourceTree = "<group>"; };
		78AF1DBB2539AB1F001BF93F /* CodeScanner.swift */ = {isa = PBXFileReference; fileEncoding = 4; lastKnownFileType = sourcecode.swift; path = CodeScanner.swift; sourceTree = "<group>"; };
		78AF1DCB2539BBC3001BF93F /* HTMLText.swift */ = {isa = PBXFileReference; lastKnownFileType = sourcecode.swift; path = HTMLText.swift; sourceTree = "<group>"; };
		78AF1DDE2539F7AF001BF93F /* ShoppingListView.swift */ = {isa = PBXFileReference; lastKnownFileType = sourcecode.swift; path = ShoppingListView.swift; sourceTree = "<group>"; };
		78EC77882533857400DF3BA5 /* grocy-ios.app */ = {isa = PBXFileReference; explicitFileType = wrapper.application; includeInIndex = 0; path = "grocy-ios.app"; sourceTree = BUILT_PRODUCTS_DIR; };
		78EC778B2533857400DF3BA5 /* grocy_iosApp.swift */ = {isa = PBXFileReference; lastKnownFileType = sourcecode.swift; path = grocy_iosApp.swift; sourceTree = "<group>"; };
		78EC778D2533857400DF3BA5 /* ContentView.swift */ = {isa = PBXFileReference; lastKnownFileType = sourcecode.swift; path = ContentView.swift; sourceTree = "<group>"; };
		78EC778F2533857500DF3BA5 /* Assets.xcassets */ = {isa = PBXFileReference; lastKnownFileType = folder.assetcatalog; path = Assets.xcassets; sourceTree = "<group>"; };
		78EC77922533857500DF3BA5 /* Preview Assets.xcassets */ = {isa = PBXFileReference; lastKnownFileType = folder.assetcatalog; path = "Preview Assets.xcassets"; sourceTree = "<group>"; };
		78EC77942533857500DF3BA5 /* Info.plist */ = {isa = PBXFileReference; lastKnownFileType = text.plist.xml; path = Info.plist; sourceTree = "<group>"; };
		78EC77992533857500DF3BA5 /* grocy-iosTests.xctest */ = {isa = PBXFileReference; explicitFileType = wrapper.cfbundle; includeInIndex = 0; path = "grocy-iosTests.xctest"; sourceTree = BUILT_PRODUCTS_DIR; };
		78EC779D2533857500DF3BA5 /* grocy_iosTests.swift */ = {isa = PBXFileReference; lastKnownFileType = sourcecode.swift; path = grocy_iosTests.swift; sourceTree = "<group>"; };
		78EC779F2533857500DF3BA5 /* Info.plist */ = {isa = PBXFileReference; lastKnownFileType = text.plist.xml; path = Info.plist; sourceTree = "<group>"; };
		78EC77A42533857500DF3BA5 /* grocy-iosUITests.xctest */ = {isa = PBXFileReference; explicitFileType = wrapper.cfbundle; includeInIndex = 0; path = "grocy-iosUITests.xctest"; sourceTree = BUILT_PRODUCTS_DIR; };
		78EC77A82533857500DF3BA5 /* grocy_iosUITests.swift */ = {isa = PBXFileReference; lastKnownFileType = sourcecode.swift; path = grocy_iosUITests.swift; sourceTree = "<group>"; };
		78EC77AA2533857500DF3BA5 /* Info.plist */ = {isa = PBXFileReference; lastKnownFileType = text.plist.xml; path = Info.plist; sourceTree = "<group>"; };
		78EC77B92533858B00DF3BA5 /* GrocyAPI.swift */ = {isa = PBXFileReference; lastKnownFileType = sourcecode.swift; path = GrocyAPI.swift; sourceTree = "<group>"; };
		78F741F6253EFCC9007CE176 /* CarBodeScannerView.swift */ = {isa = PBXFileReference; lastKnownFileType = sourcecode.swift; path = CarBodeScannerView.swift; sourceTree = "<group>"; };
		78F741FB253F094C007CE176 /* BuyProductView.swift */ = {isa = PBXFileReference; lastKnownFileType = sourcecode.swift; path = BuyProductView.swift; sourceTree = "<group>"; };
		78F74200253F232F007CE176 /* ProductBuyModel.swift */ = {isa = PBXFileReference; lastKnownFileType = sourcecode.swift; path = ProductBuyModel.swift; sourceTree = "<group>"; };
		78FA3B1E2538582F00DCA573 /* MDAddProductGroupView.swift */ = {isa = PBXFileReference; lastKnownFileType = sourcecode.swift; path = MDAddProductGroupView.swift; sourceTree = "<group>"; };
		78FA3B23253859CE00DCA573 /* MDAddQuantityUnitView.swift */ = {isa = PBXFileReference; lastKnownFileType = sourcecode.swift; path = MDAddQuantityUnitView.swift; sourceTree = "<group>"; };
		78FACEB72542DF6A004B5849 /* ConsumeProductView.swift */ = {isa = PBXFileReference; lastKnownFileType = sourcecode.swift; path = ConsumeProductView.swift; sourceTree = "<group>"; };
		78FACEBC2542F29A004B5849 /* StockEntryModel.swift */ = {isa = PBXFileReference; lastKnownFileType = sourcecode.swift; path = StockEntryModel.swift; sourceTree = "<group>"; };
/* End PBXFileReference section */

/* Begin PBXFrameworksBuildPhase section */
		78EC77852533857400DF3BA5 /* Frameworks */ = {
			isa = PBXFrameworksBuildPhase;
			buildActionMask = 2147483647;
			files = (
				78F741F2253EFC8F007CE176 /* CarBode in Frameworks */,
			);
			runOnlyForDeploymentPostprocessing = 0;
		};
		78EC77962533857500DF3BA5 /* Frameworks */ = {
			isa = PBXFrameworksBuildPhase;
			buildActionMask = 2147483647;
			files = (
			);
			runOnlyForDeploymentPostprocessing = 0;
		};
		78EC77A12533857500DF3BA5 /* Frameworks */ = {
			isa = PBXFrameworksBuildPhase;
			buildActionMask = 2147483647;
			files = (
			);
			runOnlyForDeploymentPostprocessing = 0;
		};
/* End PBXFrameworksBuildPhase section */

/* Begin PBXGroup section */
		780C33C62535D85900EA5B8F /* MDEntry */ = {
			isa = PBXGroup;
			children = (
				780C33C72535D88500EA5B8F /* MDAddProductView.swift */,
				780C33CF2535E42400EA5B8F /* MDAddLocationView.swift */,
				7836AE6A25371F24003F72AC /* MDAddShoppingLocationView.swift */,
				78FA3B23253859CE00DCA573 /* MDAddQuantityUnitView.swift */,
				78FA3B1E2538582F00DCA573 /* MDAddProductGroupView.swift */,
			);
			path = MDEntry;
			sourceTree = "<group>";
		};
		782D51DA2534AA0D009E43EC /* Models */ = {
			isa = PBXGroup;
			children = (
				7841A7742535C19C000E7358 /* MasterData */,
				7841A71B2535B8F7000E7358 /* Stock */,
				782D51F12534AE06009E43EC /* Users */,
				782D51DB2534AA14009E43EC /* System */,
				782D520C2534BDE7009E43EC /* Errors.swift */,
				7879D12E25482B220060EC03 /* InteractionModes.swift */,
			);
			path = Models;
			sourceTree = "<group>";
		};
		782D51DB2534AA14009E43EC /* System */ = {
			isa = PBXGroup;
			children = (
				782D51DC2534AA2A009E43EC /* SystemInfoModel.swift */,
				782D51E52534AA36009E43EC /* SystemConfigModel.swift */,
				782D51EB2534AA45009E43EC /* SystemDBChangedTimeModel.swift */,
			);
			path = System;
			sourceTree = "<group>";
		};
		782D51F12534AE06009E43EC /* Users */ = {
			isa = PBXGroup;
			children = (
				782D51F22534AE12009E43EC /* UserModel.swift */,
			);
			path = Users;
			sourceTree = "<group>";
		};
		782D51FB2534AF4F009E43EC /* Views */ = {
			isa = PBXGroup;
			children = (
				78705DB0254721010005C73C /* Onboarding */,
				7841A7242535BA35000E7358 /* Stock */,
				78AF1DDD2539F79B001BF93F /* ShoppingList */,
				785C9A842538913C00109256 /* Shared */,
				7841A7332535BD6D000E7358 /* MasterData */,
				7841A72D2535BAB0000E7358 /* Info */,
				782D51FC2534AF5C009E43EC /* Admin */,
			);
			path = Views;
			sourceTree = "<group>";
		};
		782D51FC2534AF5C009E43EC /* Admin */ = {
			isa = PBXGroup;
			children = (
				782D51FD2534AF75009E43EC /* UserManagementView.swift */,
				7841A7162535AD11000E7358 /* UserRowView.swift */,
				782D52062534B0A8009E43EC /* AddUserView.swift */,
			);
			path = Admin;
			sourceTree = "<group>";
		};
		7841A7102535AAF1000E7358 /* Helper */ = {
			isa = PBXGroup;
			children = (
				7841A7112535AB09000E7358 /* DateFormatter.swift */,
			);
			path = Helper;
			sourceTree = "<group>";
		};
		7841A71B2535B8F7000E7358 /* Stock */ = {
			isa = PBXGroup;
			children = (
				7841A71C2535B909000E7358 /* StockModel.swift */,
				78F74200253F232F007CE176 /* ProductBuyModel.swift */,
				7879D12425482ABA0060EC03 /* ProductConsumeModel.swift */,
				7879D12925482ACB0060EC03 /* ProductOpenModel.swift */,
				78FACEBC2542F29A004B5849 /* StockEntryModel.swift */,
			);
			path = Stock;
			sourceTree = "<group>";
		};
		7841A7242535BA35000E7358 /* Stock */ = {
			isa = PBXGroup;
			children = (
				7841A7252535BA42000E7358 /* StockView.swift */,
				781C6CDB2547010400802123 /* StockEntriesListView.swift */,
				78FACEB72542DF6A004B5849 /* ConsumeProductView.swift */,
				78F741FB253F094C007CE176 /* BuyProductView.swift */,
			);
			path = Stock;
			sourceTree = "<group>";
		};
		7841A72D2535BAB0000E7358 /* Info */ = {
			isa = PBXGroup;
			children = (
				782D51C22534A811009E43EC /* GrocyInfoView.swift */,
				78705DBB254723D00005C73C /* AboutView.swift */,
			);
			path = Info;
			sourceTree = "<group>";
		};
		7841A7332535BD6D000E7358 /* MasterData */ = {
			isa = PBXGroup;
			children = (
				7841A73A2535BE00000E7358 /* MDViews */,
				7841A7352535BD81000E7358 /* MasterDataView.swift */,
			);
			path = MasterData;
			sourceTree = "<group>";
		};
		7841A73A2535BE00000E7358 /* MDViews */ = {
			isa = PBXGroup;
			children = (
				780C33C62535D85900EA5B8F /* MDEntry */,
				7841A73C2535BE23000E7358 /* MDProductsView.swift */,
				7841A7442535BE34000E7358 /* MDLocationsView.swift */,
				7841A74C2535BE4C000E7358 /* MDShoppingLocationsView.swift */,
				7841A7562535BE6A000E7358 /* MDProductGroupsView.swift */,
				7841A7512535BE5B000E7358 /* MDQuantityUnitsView.swift */,
				7841A76A2535BEA5000E7358 /* MDUserFieldsView.swift */,
				7841A76F2535BEAE000E7358 /* MDUserEntitiesView.swift */,
				7841A75B2535BE77000E7358 /* MDChoresView.swift */,
				7841A7602535BE84000E7358 /* MDBatteriesView.swift */,
				7841A7652535BE90000E7358 /* MDTaskCategoriesView.swift */,
			);
			path = MDViews;
			sourceTree = "<group>";
		};
		7841A7742535C19C000E7358 /* MasterData */ = {
			isa = PBXGroup;
			children = (
				7841A7752535C1CC000E7358 /* MDProductsModel.swift */,
				7841A7852535C315000E7358 /* MDLocationsModel.swift */,
				7841A78A2535C341000E7358 /* MDShoppingLocationsModel.swift */,
				7841A78F2535C375000E7358 /* MDQuantityUnitsModel.swift */,
				7841A7942535C3A3000E7358 /* MDProductGroupsModel.swift */,
			);
			path = MasterData;
			sourceTree = "<group>";
		};
		785C9A842538913C00109256 /* Shared */ = {
			isa = PBXGroup;
			children = (
				785C9A852538914800109256 /* BarcodeScannerView.swift */,
				78AF1DBB2539AB1F001BF93F /* CodeScanner.swift */,
				78AF1DCB2539BBC3001BF93F /* HTMLText.swift */,
				78F741F6253EFCC9007CE176 /* CarBodeScannerView.swift */,
				7832C53825418A220034FAD4 /* TextFieldWithDescription.swift */,
				7832C543254193380034FAD4 /* SearchBar.swift */,
			);
			path = Shared;
			sourceTree = "<group>";
		};
		78705DB0254721010005C73C /* Onboarding */ = {
			isa = PBXGroup;
			children = (
				78705DB1254721110005C73C /* OnboardingView.swift */,
				78705DB6254721D80005C73C /* LoginView.swift */,
			);
			path = Onboarding;
			sourceTree = "<group>";
		};
		78AF1DDD2539F79B001BF93F /* ShoppingList */ = {
			isa = PBXGroup;
			children = (
				78AF1DDE2539F7AF001BF93F /* ShoppingListView.swift */,
			);
			path = ShoppingList;
			sourceTree = "<group>";
		};
		78EC777F2533857400DF3BA5 = {
			isa = PBXGroup;
			children = (
				78EC778A2533857400DF3BA5 /* grocy-ios */,
				78EC779C2533857500DF3BA5 /* grocy-iosTests */,
				78EC77A72533857500DF3BA5 /* grocy-iosUITests */,
				78EC77892533857400DF3BA5 /* Products */,
			);
			sourceTree = "<group>";
		};
		78EC77892533857400DF3BA5 /* Products */ = {
			isa = PBXGroup;
			children = (
				78EC77882533857400DF3BA5 /* grocy-ios.app */,
				78EC77992533857500DF3BA5 /* grocy-iosTests.xctest */,
				78EC77A42533857500DF3BA5 /* grocy-iosUITests.xctest */,
			);
			name = Products;
			sourceTree = "<group>";
		};
		78EC778A2533857400DF3BA5 /* grocy-ios */ = {
			isa = PBXGroup;
			children = (
				78EC778B2533857400DF3BA5 /* grocy_iosApp.swift */,
				78EC778D2533857400DF3BA5 /* ContentView.swift */,
				78EC77B92533858B00DF3BA5 /* GrocyAPI.swift */,
				7841A7102535AAF1000E7358 /* Helper */,
				782D51FB2534AF4F009E43EC /* Views */,
				782D51DA2534AA0D009E43EC /* Models */,
				782D51BD2534A11D009E43EC /* GrocyViewModel.swift */,
				78EC778F2533857500DF3BA5 /* Assets.xcassets */,
				78EC77942533857500DF3BA5 /* Info.plist */,
				78EC77912533857500DF3BA5 /* Preview Content */,
			);
			path = "grocy-ios";
			sourceTree = "<group>";
		};
		78EC77912533857500DF3BA5 /* Preview Content */ = {
			isa = PBXGroup;
			children = (
				78EC77922533857500DF3BA5 /* Preview Assets.xcassets */,
			);
			path = "Preview Content";
			sourceTree = "<group>";
		};
		78EC779C2533857500DF3BA5 /* grocy-iosTests */ = {
			isa = PBXGroup;
			children = (
				78EC779D2533857500DF3BA5 /* grocy_iosTests.swift */,
				78EC779F2533857500DF3BA5 /* Info.plist */,
			);
			path = "grocy-iosTests";
			sourceTree = "<group>";
		};
		78EC77A72533857500DF3BA5 /* grocy-iosUITests */ = {
			isa = PBXGroup;
			children = (
				78EC77A82533857500DF3BA5 /* grocy_iosUITests.swift */,
				78EC77AA2533857500DF3BA5 /* Info.plist */,
			);
			path = "grocy-iosUITests";
			sourceTree = "<group>";
		};
/* End PBXGroup section */

/* Begin PBXNativeTarget section */
		78EC77872533857400DF3BA5 /* grocy-ios */ = {
			isa = PBXNativeTarget;
			buildConfigurationList = 78EC77AD2533857500DF3BA5 /* Build configuration list for PBXNativeTarget "grocy-ios" */;
			buildPhases = (
				78EC77842533857400DF3BA5 /* Sources */,
				78EC77852533857400DF3BA5 /* Frameworks */,
				78EC77862533857400DF3BA5 /* Resources */,
			);
			buildRules = (
			);
			dependencies = (
			);
			name = "grocy-ios";
			packageProductDependencies = (
				78F741F1253EFC8F007CE176 /* CarBode */,
			);
			productName = "grocy-ios";
			productReference = 78EC77882533857400DF3BA5 /* grocy-ios.app */;
			productType = "com.apple.product-type.application";
		};
		78EC77982533857500DF3BA5 /* grocy-iosTests */ = {
			isa = PBXNativeTarget;
			buildConfigurationList = 78EC77B02533857500DF3BA5 /* Build configuration list for PBXNativeTarget "grocy-iosTests" */;
			buildPhases = (
				78EC77952533857500DF3BA5 /* Sources */,
				78EC77962533857500DF3BA5 /* Frameworks */,
				78EC77972533857500DF3BA5 /* Resources */,
			);
			buildRules = (
			);
			dependencies = (
				78EC779B2533857500DF3BA5 /* PBXTargetDependency */,
			);
			name = "grocy-iosTests";
			productName = "grocy-iosTests";
			productReference = 78EC77992533857500DF3BA5 /* grocy-iosTests.xctest */;
			productType = "com.apple.product-type.bundle.unit-test";
		};
		78EC77A32533857500DF3BA5 /* grocy-iosUITests */ = {
			isa = PBXNativeTarget;
			buildConfigurationList = 78EC77B32533857500DF3BA5 /* Build configuration list for PBXNativeTarget "grocy-iosUITests" */;
			buildPhases = (
				78EC77A02533857500DF3BA5 /* Sources */,
				78EC77A12533857500DF3BA5 /* Frameworks */,
				78EC77A22533857500DF3BA5 /* Resources */,
			);
			buildRules = (
			);
			dependencies = (
				78EC77A62533857500DF3BA5 /* PBXTargetDependency */,
			);
			name = "grocy-iosUITests";
			productName = "grocy-iosUITests";
			productReference = 78EC77A42533857500DF3BA5 /* grocy-iosUITests.xctest */;
			productType = "com.apple.product-type.bundle.ui-testing";
		};
/* End PBXNativeTarget section */

/* Begin PBXProject section */
		78EC77802533857400DF3BA5 /* Project object */ = {
			isa = PBXProject;
			attributes = {
				LastSwiftUpdateCheck = 1200;
				LastUpgradeCheck = 1200;
				TargetAttributes = {
					78EC77872533857400DF3BA5 = {
						CreatedOnToolsVersion = 12.0.1;
					};
					78EC77982533857500DF3BA5 = {
						CreatedOnToolsVersion = 12.0.1;
						TestTargetID = 78EC77872533857400DF3BA5;
					};
					78EC77A32533857500DF3BA5 = {
						CreatedOnToolsVersion = 12.0.1;
						TestTargetID = 78EC77872533857400DF3BA5;
					};
				};
			};
			buildConfigurationList = 78EC77832533857400DF3BA5 /* Build configuration list for PBXProject "grocy-ios" */;
			compatibilityVersion = "Xcode 9.3";
			developmentRegion = en;
			hasScannedForEncodings = 0;
			knownRegions = (
				en,
				Base,
			);
			mainGroup = 78EC777F2533857400DF3BA5;
			packageReferences = (
				78F741F0253EFC8F007CE176 /* XCRemoteSwiftPackageReference "CarBode-Barcode-Scanner-For-SwiftUI" */,
			);
			productRefGroup = 78EC77892533857400DF3BA5 /* Products */;
			projectDirPath = "";
			projectRoot = "";
			targets = (
				78EC77872533857400DF3BA5 /* grocy-ios */,
				78EC77982533857500DF3BA5 /* grocy-iosTests */,
				78EC77A32533857500DF3BA5 /* grocy-iosUITests */,
			);
		};
/* End PBXProject section */

/* Begin PBXResourcesBuildPhase section */
		78EC77862533857400DF3BA5 /* Resources */ = {
			isa = PBXResourcesBuildPhase;
			buildActionMask = 2147483647;
			files = (
				78EC77932533857500DF3BA5 /* Preview Assets.xcassets in Resources */,
				78EC77902533857500DF3BA5 /* Assets.xcassets in Resources */,
			);
			runOnlyForDeploymentPostprocessing = 0;
		};
		78EC77972533857500DF3BA5 /* Resources */ = {
			isa = PBXResourcesBuildPhase;
			buildActionMask = 2147483647;
			files = (
			);
			runOnlyForDeploymentPostprocessing = 0;
		};
		78EC77A22533857500DF3BA5 /* Resources */ = {
			isa = PBXResourcesBuildPhase;
			buildActionMask = 2147483647;
			files = (
			);
			runOnlyForDeploymentPostprocessing = 0;
		};
/* End PBXResourcesBuildPhase section */

/* Begin PBXSourcesBuildPhase section */
		78EC77842533857400DF3BA5 /* Sources */ = {
			isa = PBXSourcesBuildPhase;
			buildActionMask = 2147483647;
			files = (
				7841A71D2535B909000E7358 /* StockModel.swift in Sources */,
				7879D12F25482B220060EC03 /* InteractionModes.swift in Sources */,
				7879D12A25482ACB0060EC03 /* ProductOpenModel.swift in Sources */,
				7841A7762535C1CC000E7358 /* MDProductsModel.swift in Sources */,
				7841A7522535BE5B000E7358 /* MDQuantityUnitsView.swift in Sources */,
				785C9A862538914800109256 /* BarcodeScannerView.swift in Sources */,
				78705DBC254723D00005C73C /* AboutView.swift in Sources */,
				78FACEB82542DF6A004B5849 /* ConsumeProductView.swift in Sources */,
				7841A7262535BA42000E7358 /* StockView.swift in Sources */,
				78EC778E2533857400DF3BA5 /* ContentView.swift in Sources */,
				7841A7172535AD11000E7358 /* UserRowView.swift in Sources */,
				782D51FE2534AF75009E43EC /* UserManagementView.swift in Sources */,
				780C33D02535E42400EA5B8F /* MDAddLocationView.swift in Sources */,
				7836AE6B25371F24003F72AC /* MDAddShoppingLocationView.swift in Sources */,
				782D51EC2534AA45009E43EC /* SystemDBChangedTimeModel.swift in Sources */,
				782D51DD2534AA2A009E43EC /* SystemInfoModel.swift in Sources */,
				7841A73D2535BE23000E7358 /* MDProductsView.swift in Sources */,
				7841A7572535BE6A000E7358 /* MDProductGroupsView.swift in Sources */,
				7841A7902535C375000E7358 /* MDQuantityUnitsModel.swift in Sources */,
				78AF1DBC2539AB1F001BF93F /* CodeScanner.swift in Sources */,
				78FA3B1F2538582F00DCA573 /* MDAddProductGroupView.swift in Sources */,
				782D51BE2534A11D009E43EC /* GrocyViewModel.swift in Sources */,
				7841A7952535C3A3000E7358 /* MDProductGroupsModel.swift in Sources */,
				78F74201253F232F007CE176 /* ProductBuyModel.swift in Sources */,
				78EC778C2533857400DF3BA5 /* grocy_iosApp.swift in Sources */,
				7841A7612535BE84000E7358 /* MDBatteriesView.swift in Sources */,
				7832C53925418A220034FAD4 /* TextFieldWithDescription.swift in Sources */,
				7841A7452535BE34000E7358 /* MDLocationsView.swift in Sources */,
				78AF1DCC2539BBC3001BF93F /* HTMLText.swift in Sources */,
				7841A74D2535BE4C000E7358 /* MDShoppingLocationsView.swift in Sources */,
				7879D12525482ABA0060EC03 /* ProductConsumeModel.swift in Sources */,
				78705DB7254721D80005C73C /* LoginView.swift in Sources */,
				782D520D2534BDE7009E43EC /* Errors.swift in Sources */,
				78EC77BA2533858B00DF3BA5 /* GrocyAPI.swift in Sources */,
				7841A75C2535BE77000E7358 /* MDChoresView.swift in Sources */,
				7841A78B2535C341000E7358 /* MDShoppingLocationsModel.swift in Sources */,
				781C6CDC2547010400802123 /* StockEntriesListView.swift in Sources */,
				78FA3B24253859CE00DCA573 /* MDAddQuantityUnitView.swift in Sources */,
				7841A76B2535BEA5000E7358 /* MDUserFieldsView.swift in Sources */,
				78FACEBD2542F29A004B5849 /* StockEntryModel.swift in Sources */,
				782D51E62534AA36009E43EC /* SystemConfigModel.swift in Sources */,
				7841A7122535AB09000E7358 /* DateFormatter.swift in Sources */,
				780C33C82535D88500EA5B8F /* MDAddProductView.swift in Sources */,
				78F741FC253F094C007CE176 /* BuyProductView.swift in Sources */,
				7841A7702535BEAE000E7358 /* MDUserEntitiesView.swift in Sources */,
				7841A7662535BE90000E7358 /* MDTaskCategoriesView.swift in Sources */,
				78AF1DDF2539F7AF001BF93F /* ShoppingListView.swift in Sources */,
				7832C544254193380034FAD4 /* SearchBar.swift in Sources */,
				78705DB2254721110005C73C /* OnboardingView.swift in Sources */,
				782D51F32534AE12009E43EC /* UserModel.swift in Sources */,
				782D51C32534A811009E43EC /* GrocyInfoView.swift in Sources */,
				7841A7362535BD81000E7358 /* MasterDataView.swift in Sources */,
				782D52072534B0A8009E43EC /* AddUserView.swift in Sources */,
				78F741F7253EFCC9007CE176 /* CarBodeScannerView.swift in Sources */,
				7841A7862535C315000E7358 /* MDLocationsModel.swift in Sources */,
			);
			runOnlyForDeploymentPostprocessing = 0;
		};
		78EC77952533857500DF3BA5 /* Sources */ = {
			isa = PBXSourcesBuildPhase;
			buildActionMask = 2147483647;
			files = (
				782D51DE2534AA2A009E43EC /* SystemInfoModel.swift in Sources */,
				78EC779E2533857500DF3BA5 /* grocy_iosTests.swift in Sources */,
				782D51E72534AA36009E43EC /* SystemConfigModel.swift in Sources */,
				78EC77BE2533859100DF3BA5 /* GrocyAPI.swift in Sources */,
				782D51FF2534AF75009E43EC /* UserManagementView.swift in Sources */,
				782D51F42534AE12009E43EC /* UserModel.swift in Sources */,
				782D51ED2534AA45009E43EC /* SystemDBChangedTimeModel.swift in Sources */,
				782D520E2534BDE7009E43EC /* Errors.swift in Sources */,
				782D52082534B0A8009E43EC /* AddUserView.swift in Sources */,
			);
			runOnlyForDeploymentPostprocessing = 0;
		};
		78EC77A02533857500DF3BA5 /* Sources */ = {
			isa = PBXSourcesBuildPhase;
			buildActionMask = 2147483647;
			files = (
				78EC77A92533857500DF3BA5 /* grocy_iosUITests.swift in Sources */,
			);
			runOnlyForDeploymentPostprocessing = 0;
		};
/* End PBXSourcesBuildPhase section */

/* Begin PBXTargetDependency section */
		78EC779B2533857500DF3BA5 /* PBXTargetDependency */ = {
			isa = PBXTargetDependency;
			target = 78EC77872533857400DF3BA5 /* grocy-ios */;
			targetProxy = 78EC779A2533857500DF3BA5 /* PBXContainerItemProxy */;
		};
		78EC77A62533857500DF3BA5 /* PBXTargetDependency */ = {
			isa = PBXTargetDependency;
			target = 78EC77872533857400DF3BA5 /* grocy-ios */;
			targetProxy = 78EC77A52533857500DF3BA5 /* PBXContainerItemProxy */;
		};
/* End PBXTargetDependency section */

/* Begin XCBuildConfiguration section */
		78EC77AB2533857500DF3BA5 /* Debug */ = {
			isa = XCBuildConfiguration;
			buildSettings = {
				ALWAYS_SEARCH_USER_PATHS = NO;
				CLANG_ANALYZER_NONNULL = YES;
				CLANG_ANALYZER_NUMBER_OBJECT_CONVERSION = YES_AGGRESSIVE;
				CLANG_CXX_LANGUAGE_STANDARD = "gnu++14";
				CLANG_CXX_LIBRARY = "libc++";
				CLANG_ENABLE_MODULES = YES;
				CLANG_ENABLE_OBJC_ARC = YES;
				CLANG_ENABLE_OBJC_WEAK = YES;
				CLANG_WARN_BLOCK_CAPTURE_AUTORELEASING = YES;
				CLANG_WARN_BOOL_CONVERSION = YES;
				CLANG_WARN_COMMA = YES;
				CLANG_WARN_CONSTANT_CONVERSION = YES;
				CLANG_WARN_DEPRECATED_OBJC_IMPLEMENTATIONS = YES;
				CLANG_WARN_DIRECT_OBJC_ISA_USAGE = YES_ERROR;
				CLANG_WARN_DOCUMENTATION_COMMENTS = YES;
				CLANG_WARN_EMPTY_BODY = YES;
				CLANG_WARN_ENUM_CONVERSION = YES;
				CLANG_WARN_INFINITE_RECURSION = YES;
				CLANG_WARN_INT_CONVERSION = YES;
				CLANG_WARN_NON_LITERAL_NULL_CONVERSION = YES;
				CLANG_WARN_OBJC_IMPLICIT_RETAIN_SELF = YES;
				CLANG_WARN_OBJC_LITERAL_CONVERSION = YES;
				CLANG_WARN_OBJC_ROOT_CLASS = YES_ERROR;
				CLANG_WARN_QUOTED_INCLUDE_IN_FRAMEWORK_HEADER = YES;
				CLANG_WARN_RANGE_LOOP_ANALYSIS = YES;
				CLANG_WARN_STRICT_PROTOTYPES = YES;
				CLANG_WARN_SUSPICIOUS_MOVE = YES;
				CLANG_WARN_UNGUARDED_AVAILABILITY = YES_AGGRESSIVE;
				CLANG_WARN_UNREACHABLE_CODE = YES;
				CLANG_WARN__DUPLICATE_METHOD_MATCH = YES;
				COPY_PHASE_STRIP = NO;
				DEBUG_INFORMATION_FORMAT = dwarf;
				ENABLE_STRICT_OBJC_MSGSEND = YES;
				ENABLE_TESTABILITY = YES;
				GCC_C_LANGUAGE_STANDARD = gnu11;
				GCC_DYNAMIC_NO_PIC = NO;
				GCC_NO_COMMON_BLOCKS = YES;
				GCC_OPTIMIZATION_LEVEL = 0;
				GCC_PREPROCESSOR_DEFINITIONS = (
					"DEBUG=1",
					"$(inherited)",
				);
				GCC_WARN_64_TO_32_BIT_CONVERSION = YES;
				GCC_WARN_ABOUT_RETURN_TYPE = YES_ERROR;
				GCC_WARN_UNDECLARED_SELECTOR = YES;
				GCC_WARN_UNINITIALIZED_AUTOS = YES_AGGRESSIVE;
				GCC_WARN_UNUSED_FUNCTION = YES;
				GCC_WARN_UNUSED_VARIABLE = YES;
				IPHONEOS_DEPLOYMENT_TARGET = 14.0;
				MTL_ENABLE_DEBUG_INFO = INCLUDE_SOURCE;
				MTL_FAST_MATH = YES;
				ONLY_ACTIVE_ARCH = YES;
				SDKROOT = iphoneos;
				SWIFT_ACTIVE_COMPILATION_CONDITIONS = DEBUG;
				SWIFT_OPTIMIZATION_LEVEL = "-Onone";
			};
			name = Debug;
		};
		78EC77AC2533857500DF3BA5 /* Release */ = {
			isa = XCBuildConfiguration;
			buildSettings = {
				ALWAYS_SEARCH_USER_PATHS = NO;
				CLANG_ANALYZER_NONNULL = YES;
				CLANG_ANALYZER_NUMBER_OBJECT_CONVERSION = YES_AGGRESSIVE;
				CLANG_CXX_LANGUAGE_STANDARD = "gnu++14";
				CLANG_CXX_LIBRARY = "libc++";
				CLANG_ENABLE_MODULES = YES;
				CLANG_ENABLE_OBJC_ARC = YES;
				CLANG_ENABLE_OBJC_WEAK = YES;
				CLANG_WARN_BLOCK_CAPTURE_AUTORELEASING = YES;
				CLANG_WARN_BOOL_CONVERSION = YES;
				CLANG_WARN_COMMA = YES;
				CLANG_WARN_CONSTANT_CONVERSION = YES;
				CLANG_WARN_DEPRECATED_OBJC_IMPLEMENTATIONS = YES;
				CLANG_WARN_DIRECT_OBJC_ISA_USAGE = YES_ERROR;
				CLANG_WARN_DOCUMENTATION_COMMENTS = YES;
				CLANG_WARN_EMPTY_BODY = YES;
				CLANG_WARN_ENUM_CONVERSION = YES;
				CLANG_WARN_INFINITE_RECURSION = YES;
				CLANG_WARN_INT_CONVERSION = YES;
				CLANG_WARN_NON_LITERAL_NULL_CONVERSION = YES;
				CLANG_WARN_OBJC_IMPLICIT_RETAIN_SELF = YES;
				CLANG_WARN_OBJC_LITERAL_CONVERSION = YES;
				CLANG_WARN_OBJC_ROOT_CLASS = YES_ERROR;
				CLANG_WARN_QUOTED_INCLUDE_IN_FRAMEWORK_HEADER = YES;
				CLANG_WARN_RANGE_LOOP_ANALYSIS = YES;
				CLANG_WARN_STRICT_PROTOTYPES = YES;
				CLANG_WARN_SUSPICIOUS_MOVE = YES;
				CLANG_WARN_UNGUARDED_AVAILABILITY = YES_AGGRESSIVE;
				CLANG_WARN_UNREACHABLE_CODE = YES;
				CLANG_WARN__DUPLICATE_METHOD_MATCH = YES;
				COPY_PHASE_STRIP = NO;
				DEBUG_INFORMATION_FORMAT = "dwarf-with-dsym";
				ENABLE_NS_ASSERTIONS = NO;
				ENABLE_STRICT_OBJC_MSGSEND = YES;
				GCC_C_LANGUAGE_STANDARD = gnu11;
				GCC_NO_COMMON_BLOCKS = YES;
				GCC_WARN_64_TO_32_BIT_CONVERSION = YES;
				GCC_WARN_ABOUT_RETURN_TYPE = YES_ERROR;
				GCC_WARN_UNDECLARED_SELECTOR = YES;
				GCC_WARN_UNINITIALIZED_AUTOS = YES_AGGRESSIVE;
				GCC_WARN_UNUSED_FUNCTION = YES;
				GCC_WARN_UNUSED_VARIABLE = YES;
				IPHONEOS_DEPLOYMENT_TARGET = 14.0;
				MTL_ENABLE_DEBUG_INFO = NO;
				MTL_FAST_MATH = YES;
				SDKROOT = iphoneos;
				SWIFT_COMPILATION_MODE = wholemodule;
				SWIFT_OPTIMIZATION_LEVEL = "-O";
				VALIDATE_PRODUCT = YES;
			};
			name = Release;
		};
		78EC77AE2533857500DF3BA5 /* Debug */ = {
			isa = XCBuildConfiguration;
			buildSettings = {
				ASSETCATALOG_COMPILER_APPICON_NAME = AppIcon;
				ASSETCATALOG_COMPILER_GLOBAL_ACCENT_COLOR_NAME = AccentColor;
				CODE_SIGN_STYLE = Automatic;
				DEVELOPMENT_ASSET_PATHS = "\"grocy-ios/Preview Content\"";
				DEVELOPMENT_TEAM = 4CZEVM6X98;
				ENABLE_PREVIEWS = YES;
				INFOPLIST_FILE = "grocy-ios/Info.plist";
				IPHONEOS_DEPLOYMENT_TARGET = 14.0;
				LD_RUNPATH_SEARCH_PATHS = (
					"$(inherited)",
					"@executable_path/Frameworks",
				);
				PRODUCT_BUNDLE_IDENTIFIER = "georgmeissner.grocy-ios";
				PRODUCT_NAME = "$(TARGET_NAME)";
				SWIFT_VERSION = 5.0;
				TARGETED_DEVICE_FAMILY = "1,2";
			};
			name = Debug;
		};
		78EC77AF2533857500DF3BA5 /* Release */ = {
			isa = XCBuildConfiguration;
			buildSettings = {
				ASSETCATALOG_COMPILER_APPICON_NAME = AppIcon;
				ASSETCATALOG_COMPILER_GLOBAL_ACCENT_COLOR_NAME = AccentColor;
				CODE_SIGN_STYLE = Automatic;
				DEVELOPMENT_ASSET_PATHS = "\"grocy-ios/Preview Content\"";
				DEVELOPMENT_TEAM = 4CZEVM6X98;
				ENABLE_PREVIEWS = YES;
				INFOPLIST_FILE = "grocy-ios/Info.plist";
				IPHONEOS_DEPLOYMENT_TARGET = 14.0;
				LD_RUNPATH_SEARCH_PATHS = (
					"$(inherited)",
					"@executable_path/Frameworks",
				);
				PRODUCT_BUNDLE_IDENTIFIER = "georgmeissner.grocy-ios";
				PRODUCT_NAME = "$(TARGET_NAME)";
				SWIFT_VERSION = 5.0;
				TARGETED_DEVICE_FAMILY = "1,2";
			};
			name = Release;
		};
		78EC77B12533857500DF3BA5 /* Debug */ = {
			isa = XCBuildConfiguration;
			buildSettings = {
				ALWAYS_EMBED_SWIFT_STANDARD_LIBRARIES = YES;
				BUNDLE_LOADER = "$(TEST_HOST)";
				CODE_SIGN_STYLE = Automatic;
				DEVELOPMENT_TEAM = 4CZEVM6X98;
				INFOPLIST_FILE = "grocy-iosTests/Info.plist";
				IPHONEOS_DEPLOYMENT_TARGET = 14.0;
				LD_RUNPATH_SEARCH_PATHS = (
					"$(inherited)",
					"@executable_path/Frameworks",
					"@loader_path/Frameworks",
				);
				PRODUCT_BUNDLE_IDENTIFIER = "georgmeissner.grocy-iosTests";
				PRODUCT_NAME = "$(TARGET_NAME)";
				SWIFT_VERSION = 5.0;
				TARGETED_DEVICE_FAMILY = "1,2";
				TEST_HOST = "$(BUILT_PRODUCTS_DIR)/grocy-ios.app/grocy-ios";
			};
			name = Debug;
		};
		78EC77B22533857500DF3BA5 /* Release */ = {
			isa = XCBuildConfiguration;
			buildSettings = {
				ALWAYS_EMBED_SWIFT_STANDARD_LIBRARIES = YES;
				BUNDLE_LOADER = "$(TEST_HOST)";
				CODE_SIGN_STYLE = Automatic;
				DEVELOPMENT_TEAM = 4CZEVM6X98;
				INFOPLIST_FILE = "grocy-iosTests/Info.plist";
				IPHONEOS_DEPLOYMENT_TARGET = 14.0;
				LD_RUNPATH_SEARCH_PATHS = (
					"$(inherited)",
					"@executable_path/Frameworks",
					"@loader_path/Frameworks",
				);
				PRODUCT_BUNDLE_IDENTIFIER = "georgmeissner.grocy-iosTests";
				PRODUCT_NAME = "$(TARGET_NAME)";
				SWIFT_VERSION = 5.0;
				TARGETED_DEVICE_FAMILY = "1,2";
				TEST_HOST = "$(BUILT_PRODUCTS_DIR)/grocy-ios.app/grocy-ios";
			};
			name = Release;
		};
		78EC77B42533857500DF3BA5 /* Debug */ = {
			isa = XCBuildConfiguration;
			buildSettings = {
				ALWAYS_EMBED_SWIFT_STANDARD_LIBRARIES = YES;
				CODE_SIGN_STYLE = Automatic;
				DEVELOPMENT_TEAM = 4CZEVM6X98;
				INFOPLIST_FILE = "grocy-iosUITests/Info.plist";
				LD_RUNPATH_SEARCH_PATHS = (
					"$(inherited)",
					"@executable_path/Frameworks",
					"@loader_path/Frameworks",
				);
				PRODUCT_BUNDLE_IDENTIFIER = "georgmeissner.grocy-iosUITests";
				PRODUCT_NAME = "$(TARGET_NAME)";
				SWIFT_VERSION = 5.0;
				TARGETED_DEVICE_FAMILY = "1,2";
				TEST_TARGET_NAME = "grocy-ios";
			};
			name = Debug;
		};
		78EC77B52533857500DF3BA5 /* Release */ = {
			isa = XCBuildConfiguration;
			buildSettings = {
				ALWAYS_EMBED_SWIFT_STANDARD_LIBRARIES = YES;
				CODE_SIGN_STYLE = Automatic;
				DEVELOPMENT_TEAM = 4CZEVM6X98;
				INFOPLIST_FILE = "grocy-iosUITests/Info.plist";
				LD_RUNPATH_SEARCH_PATHS = (
					"$(inherited)",
					"@executable_path/Frameworks",
					"@loader_path/Frameworks",
				);
				PRODUCT_BUNDLE_IDENTIFIER = "georgmeissner.grocy-iosUITests";
				PRODUCT_NAME = "$(TARGET_NAME)";
				SWIFT_VERSION = 5.0;
				TARGETED_DEVICE_FAMILY = "1,2";
				TEST_TARGET_NAME = "grocy-ios";
			};
			name = Release;
		};
/* End XCBuildConfiguration section */

/* Begin XCConfigurationList section */
		78EC77832533857400DF3BA5 /* Build configuration list for PBXProject "grocy-ios" */ = {
			isa = XCConfigurationList;
			buildConfigurations = (
				78EC77AB2533857500DF3BA5 /* Debug */,
				78EC77AC2533857500DF3BA5 /* Release */,
			);
			defaultConfigurationIsVisible = 0;
			defaultConfigurationName = Release;
		};
		78EC77AD2533857500DF3BA5 /* Build configuration list for PBXNativeTarget "grocy-ios" */ = {
			isa = XCConfigurationList;
			buildConfigurations = (
				78EC77AE2533857500DF3BA5 /* Debug */,
				78EC77AF2533857500DF3BA5 /* Release */,
			);
			defaultConfigurationIsVisible = 0;
			defaultConfigurationName = Release;
		};
		78EC77B02533857500DF3BA5 /* Build configuration list for PBXNativeTarget "grocy-iosTests" */ = {
			isa = XCConfigurationList;
			buildConfigurations = (
				78EC77B12533857500DF3BA5 /* Debug */,
				78EC77B22533857500DF3BA5 /* Release */,
			);
			defaultConfigurationIsVisible = 0;
			defaultConfigurationName = Release;
		};
		78EC77B32533857500DF3BA5 /* Build configuration list for PBXNativeTarget "grocy-iosUITests" */ = {
			isa = XCConfigurationList;
			buildConfigurations = (
				78EC77B42533857500DF3BA5 /* Debug */,
				78EC77B52533857500DF3BA5 /* Release */,
			);
			defaultConfigurationIsVisible = 0;
			defaultConfigurationName = Release;
		};
/* End XCConfigurationList section */

/* Begin XCRemoteSwiftPackageReference section */
		78F741F0253EFC8F007CE176 /* XCRemoteSwiftPackageReference "CarBode-Barcode-Scanner-For-SwiftUI" */ = {
			isa = XCRemoteSwiftPackageReference;
			repositoryURL = "https://github.com/heart/CarBode-Barcode-Scanner-For-SwiftUI.git";
			requirement = {
				kind = upToNextMajorVersion;
				minimumVersion = 2.1.2;
			};
		};
/* End XCRemoteSwiftPackageReference section */

/* Begin XCSwiftPackageProductDependency section */
		78F741F1253EFC8F007CE176 /* CarBode */ = {
			isa = XCSwiftPackageProductDependency;
			package = 78F741F0253EFC8F007CE176 /* XCRemoteSwiftPackageReference "CarBode-Barcode-Scanner-For-SwiftUI" */;
			productName = CarBode;
		};
/* End XCSwiftPackageProductDependency section */
	};
	rootObject = 78EC77802533857400DF3BA5 /* Project object */;
}
